PODS:
  - WFullscreenPopGesture (0.1.0)

DEPENDENCIES:
  - WFullscreenPopGesture (from `../`)

EXTERNAL SOURCES:
  WFullscreenPopGesture:
    :path: "../"

SPEC CHECKSUMS:
  WFullscreenPopGesture: 8643ee11da1fdd3c172a05ded842812cbcfafb85

PODFILE CHECKSUM: 3b23967ba4ecc2aa1d37b7519461757f96c479ba

COCOAPODS: 1.9.3
